
Microsoft Visual Studio Solution File, Format Version 12.00
# Visual Studio Version 16
VisualStudioVersion = 16.0.32106.194
MinimumVisualStudioVersion = 10.0.40219.1
Project("{FAE04EC0-301F-11D3-BF4B-00C04F79EFBC}") = "AppRelationModel19", "AppRelationModel19\AppRelationModel19.csproj", "{A64D5BFA-641D-4AF0-9239-16A7F5C85BFF}"
EndProject
Global
	GlobalSection(SolutionConfigurationPlatforms) = preSolution
		Debug|Any CPU = Debug|Any CPU
		Release|Any CPU = Release|Any CPU
	EndGlobalSection
	GlobalSection(ProjectConfigurationPlatforms) = postSolution
		{A64D5BFA-641D-4AF0-9239-16A7F5C85BFF}.Debug|Any CPU.ActiveCfg = Debug|Any CPU
		{A64D5BFA-641D-4AF0-9239-16A7F5C85BFF}.Debug|Any CPU.Build.0 = Debug|Any CPU
		{A64D5BFA-641D-4AF0-9239-16A7F5C85BFF}.Release|Any CPU.ActiveCfg = Release|Any CPU
		{A64D5BFA-641D-4AF0-9239-16A7F5C85BFF}.Release|Any CPU.Build.0 = Release|Any CPU
	EndGlobalSection
	GlobalSection(SolutionProperties) = preSolution
		HideSolutionNode = FALSE
	EndGlobalSection
	GlobalSection(ExtensibilityGlobals) = postSolution
		SolutionGuid = {433E26DA-B18D-4A0B-B845-148669CCF9CB}
	EndGlobalSection
EndGlobal
