
Microsoft Visual Studio Solution File, Format Version 12.00
# Visual Studio Version 16
VisualStudioVersion = 16.0.32106.194
MinimumVisualStudioVersion = 10.0.40219.1
Project("{FAE04EC0-301F-11D3-BF4B-00C04F79EFBC}") = "AppRelationModel2", "AppRelationModel2\AppRelationModel2.csproj", "{2FF4C9DB-7746-44D5-945E-6DCD9654C571}"
EndProject
Global
	GlobalSection(SolutionConfigurationPlatforms) = preSolution
		Debug|Any CPU = Debug|Any CPU
		Release|Any CPU = Release|Any CPU
	EndGlobalSection
	GlobalSection(ProjectConfigurationPlatforms) = postSolution
		{2FF4C9DB-7746-44D5-945E-6DCD9654C571}.Debug|Any CPU.ActiveCfg = Debug|Any CPU
		{2FF4C9DB-7746-44D5-945E-6DCD9654C571}.Debug|Any CPU.Build.0 = Debug|Any CPU
		{2FF4C9DB-7746-44D5-945E-6DCD9654C571}.Release|Any CPU.ActiveCfg = Release|Any CPU
		{2FF4C9DB-7746-44D5-945E-6DCD9654C571}.Release|Any CPU.Build.0 = Release|Any CPU
	EndGlobalSection
	GlobalSection(SolutionProperties) = preSolution
		HideSolutionNode = FALSE
	EndGlobalSection
	GlobalSection(ExtensibilityGlobals) = postSolution
		SolutionGuid = {12D57BEB-933D-4EFE-9782-1AAFC107691C}
	EndGlobalSection
EndGlobal
