
Microsoft Visual Studio Solution File, Format Version 12.00
# Visual Studio Version 16
VisualStudioVersion = 16.0.32106.194
MinimumVisualStudioVersion = 10.0.40219.1
Project("{FAE04EC0-301F-11D3-BF4B-00C04F79EFBC}") = "AppRelationModel25", "AppRelationModel25\AppRelationModel25.csproj", "{75BA64C9-5F6B-48E8-904F-3BB6A6D5CC6E}"
EndProject
Global
	GlobalSection(SolutionConfigurationPlatforms) = preSolution
		Debug|Any CPU = Debug|Any CPU
		Release|Any CPU = Release|Any CPU
	EndGlobalSection
	GlobalSection(ProjectConfigurationPlatforms) = postSolution
		{75BA64C9-5F6B-48E8-904F-3BB6A6D5CC6E}.Debug|Any CPU.ActiveCfg = Debug|Any CPU
		{75BA64C9-5F6B-48E8-904F-3BB6A6D5CC6E}.Debug|Any CPU.Build.0 = Debug|Any CPU
		{75BA64C9-5F6B-48E8-904F-3BB6A6D5CC6E}.Release|Any CPU.ActiveCfg = Release|Any CPU
		{75BA64C9-5F6B-48E8-904F-3BB6A6D5CC6E}.Release|Any CPU.Build.0 = Release|Any CPU
	EndGlobalSection
	GlobalSection(SolutionProperties) = preSolution
		HideSolutionNode = FALSE
	EndGlobalSection
	GlobalSection(ExtensibilityGlobals) = postSolution
		SolutionGuid = {194F55DE-4650-481B-A3AB-A3F0921415D4}
	EndGlobalSection
EndGlobal
