
Microsoft Visual Studio Solution File, Format Version 12.00
# Visual Studio Version 16
VisualStudioVersion = 16.0.32126.315
MinimumVisualStudioVersion = 10.0.40219.1
Project("{FAE04EC0-301F-11D3-BF4B-00C04F79EFBC}") = "FirstApp", "FirstApp\FirstApp.csproj", "{E8967CE7-08DE-4CD3-96A2-4795210D69F5}"
EndProject
Global
	GlobalSection(SolutionConfigurationPlatforms) = preSolution
		Debug|Any CPU = Debug|Any CPU
		Release|Any CPU = Release|Any CPU
	EndGlobalSection
	GlobalSection(ProjectConfigurationPlatforms) = postSolution
		{E8967CE7-08DE-4CD3-96A2-4795210D69F5}.Debug|Any CPU.ActiveCfg = Debug|Any CPU
		{E8967CE7-08DE-4CD3-96A2-4795210D69F5}.Debug|Any CPU.Build.0 = Debug|Any CPU
		{E8967CE7-08DE-4CD3-96A2-4795210D69F5}.Release|Any CPU.ActiveCfg = Release|Any CPU
		{E8967CE7-08DE-4CD3-96A2-4795210D69F5}.Release|Any CPU.Build.0 = Release|Any CPU
	EndGlobalSection
	GlobalSection(SolutionProperties) = preSolution
		HideSolutionNode = FALSE
	EndGlobalSection
	GlobalSection(ExtensibilityGlobals) = postSolution
		SolutionGuid = {A65D4A43-5D69-4337-81F6-B843C6E20505}
	EndGlobalSection
EndGlobal
